
Microsoft Visual Studio Solution File, Format Version 12.00
# Visual Studio 15
VisualStudioVersion = 15.0.26730.8
MinimumVisualStudioVersion = 10.0.40219.1
Project("{FAE04EC0-301F-11D3-BF4B-00C04F79EFBC}") = "HotelSysteem", "HotelSysteem\HotelSysteem.csproj", "{AEE30BBF-894F-4D54-AD06-DFB5F86BB572}"
EndProject
Global
	GlobalSection(SolutionConfigurationPlatforms) = preSolution
		Debug|Any CPU = Debug|Any CPU
		Release|Any CPU = Release|Any CPU
	EndGlobalSection
	GlobalSection(ProjectConfigurationPlatforms) = postSolution
		{AEE30BBF-894F-4D54-AD06-DFB5F86BB572}.Debug|Any CPU.ActiveCfg = Debug|Any CPU
		{AEE30BBF-894F-4D54-AD06-DFB5F86BB572}.Debug|Any CPU.Build.0 = Debug|Any CPU
		{AEE30BBF-894F-4D54-AD06-DFB5F86BB572}.Release|Any CPU.ActiveCfg = Release|Any CPU
		{AEE30BBF-894F-4D54-AD06-DFB5F86BB572}.Release|Any CPU.Build.0 = Release|Any CPU
	EndGlobalSection
	GlobalSection(SolutionProperties) = preSolution
		HideSolutionNode = FALSE
	EndGlobalSection
	GlobalSection(ExtensibilityGlobals) = postSolution
		SolutionGuid = {8B919E09-3305-46D9-A126-EB3FE48328EC}
	EndGlobalSection
EndGlobal
